# This file is automatically @generated by Cargo.
# It is not intended for manual editing.
version = 3

[[package]]
name = "cairo-compile-project"
version = "0.1.0"
dependencies = [
 "cairo-lang",
]

[[package]]
name = "cairo-lang"
version = "0.1.0"
source = "registry+https://github.com/rust-lang/crates.io-index"
checksum = "f01a5b502c6fae1c7c028e2240d1ded09cb66194688f0a73b8e2f897c8386212"
